
Microsoft Visual Studio Solution File, Format Version 12.00
# Visual Studio Version 17
VisualStudioVersion = 17.0.31912.275
MinimumVisualStudioVersion = 10.0.40219.1
Project("{8BC9CEB8-8B4A-11D0-8D11-00A0C91BC942}") = "hw_11", "hw_11\hw_11.vcxproj", "{41EF1929-DBC2-4242-B5F7-B2694038FCB3}"
EndProject
Global
	GlobalSection(SolutionConfigurationPlatforms) = preSolution
		Debug|x64 = Debug|x64
		Debug|x86 = Debug|x86
		Release|x64 = Release|x64
		Release|x86 = Release|x86
	EndGlobalSection
	GlobalSection(ProjectConfigurationPlatforms) = postSolution
		{41EF1929-DBC2-4242-B5F7-B2694038FCB3}.Debug|x64.ActiveCfg = Debug|x64
		{41EF1929-DBC2-4242-B5F7-B2694038FCB3}.Debug|x64.Build.0 = Debug|x64
		{41EF1929-DBC2-4242-B5F7-B2694038FCB3}.Debug|x86.ActiveCfg = Debug|Win32
		{41EF1929-DBC2-4242-B5F7-B2694038FCB3}.Debug|x86.Build.0 = Debug|Win32
		{41EF1929-DBC2-4242-B5F7-B2694038FCB3}.Release|x64.ActiveCfg = Release|x64
		{41EF1929-DBC2-4242-B5F7-B2694038FCB3}.Release|x64.Build.0 = Release|x64
		{41EF1929-DBC2-4242-B5F7-B2694038FCB3}.Release|x86.ActiveCfg = Release|Win32
		{41EF1929-DBC2-4242-B5F7-B2694038FCB3}.Release|x86.Build.0 = Release|Win32
	EndGlobalSection
	GlobalSection(SolutionProperties) = preSolution
		HideSolutionNode = FALSE
	EndGlobalSection
	GlobalSection(ExtensibilityGlobals) = postSolution
		SolutionGuid = {37391930-7696-4042-8782-A10C9EA207E3}
	EndGlobalSection
EndGlobal
